// !$*UTF8*$!
{
	archiveVersion = 1;
	classes = {
	};
	objectVersion = 77;
	objects = {

/* Begin PBXBuildFile section */
		0A003788F4A20949D549487D /* Web in Resources */ = {isa = PBXBuildFile; fileRef = 51A177120859F887E4118A23 /* Web */; };
		403CE7E86F4EB1589F69BD2B /* ContentView.swift in Sources */ = {isa = PBXBuildFile; fileRef = 973A54547736812707E746FD /* ContentView.swift */; };
		4CDF5B028ADAA6DB6C36DA52 /* GalaxyWebView.swift in Sources */ = {isa = PBXBuildFile; fileRef = 65848EDBC7AA1F889494F018 /* GalaxyWebView.swift */; };
		7662A75E92D18A08CE12515B /* SAPGalaxyApp.swift in Sources */ = {isa = PBXBuildFile; fileRef = 5130E3B02018A7F682AF6D5E /* SAPGalaxyApp.swift */; };
		957A9FE4CCD4FA2357BD2C17 /* SplashView.swift in Sources */ = {isa = PBXBuildFile; fileRef = E9DA7552B2154623D1E3631C /* SplashView.swift */; };
		BE5D8DC253C909E7ED7AFA09 /* GalaxyCoordinator.swift in Sources */ = {isa = PBXBuildFile; fileRef = E48F323D9F389D45346B1545 /* GalaxyCoordinator.swift */; };
		CA5CE570BA92A12088410441 /* Assets.xcassets in Resources */ = {isa = PBXBuildFile; fileRef = 71A0272CBE981F945E3F91D4 /* Assets.xcassets */; };
/* End PBXBuildFile section */

/* Begin PBXFileReference section */
		5130E3B02018A7F682AF6D5E /* SAPGalaxyApp.swift */ = {isa = PBXFileReference; lastKnownFileType = sourcecode.swift; path = SAPGalaxyApp.swift; sourceTree = "<group>"; };
		51A177120859F887E4118A23 /* Web */ = {isa = PBXFileReference; lastKnownFileType = folder; name = Web; path = SAPGalaxy/Resources/Web; sourceTree = SOURCE_ROOT; };
		65848EDBC7AA1F889494F018 /* GalaxyWebView.swift */ = {isa = PBXFileReference; lastKnownFileType = sourcecode.swift; path = GalaxyWebView.swift; sourceTree = "<group>"; };
		71A0272CBE981F945E3F91D4 /* Assets.xcassets */ = {isa = PBXFileReference; lastKnownFileType = folder.assetcatalog; path = Assets.xcassets; sourceTree = "<group>"; };
		973A54547736812707E746FD /* ContentView.swift */ = {isa = PBXFileReference; lastKnownFileType = sourcecode.swift; path = ContentView.swift; sourceTree = "<group>"; };
		CEBB1675A5F2D94FF6941425 /* SAPGalaxy.app */ = {isa = PBXFileReference; includeInIndex = 0; lastKnownFileType = wrapper.application; path = SAPGalaxy.app; sourceTree = BUILT_PRODUCTS_DIR; };
		E48F323D9F389D45346B1545 /* GalaxyCoordinator.swift */ = {isa = PBXFileReference; lastKnownFileType = sourcecode.swift; path = GalaxyCoordinator.swift; sourceTree = "<group>"; };
		E9DA7552B2154623D1E3631C /* SplashView.swift */ = {isa = PBXFileReference; lastKnownFileType = sourcecode.swift; path = SplashView.swift; sourceTree = "<group>"; };
/* End PBXFileReference section */

/* Begin PBXGroup section */
		2092A6631E1D17697E8D3FD2 /* Sources */ = {
			isa = PBXGroup;
			children = (
				973A54547736812707E746FD /* ContentView.swift */,
				E48F323D9F389D45346B1545 /* GalaxyCoordinator.swift */,
				65848EDBC7AA1F889494F018 /* GalaxyWebView.swift */,
				5130E3B02018A7F682AF6D5E /* SAPGalaxyApp.swift */,
				E9DA7552B2154623D1E3631C /* SplashView.swift */,
			);
			path = Sources;
			sourceTree = "<group>";
		};
		27F1A6A953D76B73F83B53A9 /* Resources */ = {
			isa = PBXGroup;
			children = (
				71A0272CBE981F945E3F91D4 /* Assets.xcassets */,
				51A177120859F887E4118A23 /* Web */,
			);
			path = Resources;
			sourceTree = "<group>";
		};
		770DF26E85D18DAEFD461D3D /* Products */ = {
			isa = PBXGroup;
			children = (
				CEBB1675A5F2D94FF6941425 /* SAPGalaxy.app */,
			);
			name = Products;
			sourceTree = "<group>";
		};
		B4DAC9E0341C4611587720B6 /* SAPGalaxy */ = {
			isa = PBXGroup;
			children = (
				27F1A6A953D76B73F83B53A9 /* Resources */,
				2092A6631E1D17697E8D3FD2 /* Sources */,
			);
			path = SAPGalaxy;
			sourceTree = "<group>";
		};
		C71FC1F670447D626C9C6534 = {
			isa = PBXGroup;
			children = (
				B4DAC9E0341C4611587720B6 /* SAPGalaxy */,
				770DF26E85D18DAEFD461D3D /* Products */,
			);
			sourceTree = "<group>";
		};
/* End PBXGroup section */

/* Begin PBXNativeTarget section */
		802F3BEE998BE5E6F867A054 /* SAPGalaxy */ = {
			isa = PBXNativeTarget;
			buildConfigurationList = 55D8E9F5BEACB8D4DC795FAA /* Build configuration list for PBXNativeTarget "SAPGalaxy" */;
			buildPhases = (
				766D875DBE834DFB3BF79E02 /* Sources */,
				F47D2552FFA306614F0E9526 /* Resources */,
			);
			buildRules = (
			);
			dependencies = (
			);
			name = SAPGalaxy;
			packageProductDependencies = (
			);
			productName = SAPGalaxy;
			productReference = CEBB1675A5F2D94FF6941425 /* SAPGalaxy.app */;
			productType = "com.apple.product-type.application";
		};
/* End PBXNativeTarget section */

/* Begin PBXProject section */
		308C92549E7F1B206595E6A6 /* Project object */ = {
			isa = PBXProject;
			attributes = {
				BuildIndependentTargetsInParallel = YES;
				LastUpgradeCheck = 1430;
				TargetAttributes = {
					802F3BEE998BE5E6F867A054 = {
						DevelopmentTeam = L9SAXP2E2W;
						ProvisioningStyle = Automatic;
					};
				};
			};
			buildConfigurationList = B1A09E2C4BA352CD0C2C87F3 /* Build configuration list for PBXProject "SAPGalaxy" */;
			developmentRegion = en;
			hasScannedForEncodings = 0;
			knownRegions = (
				Base,
				en,
			);
			mainGroup = C71FC1F670447D626C9C6534;
			minimizedProjectReferenceProxies = 1;
			preferredProjectObjectVersion = 77;
			productRefGroup = 770DF26E85D18DAEFD461D3D /* Products */;
			projectDirPath = "";
			projectRoot = "";
			targets = (
				802F3BEE998BE5E6F867A054 /* SAPGalaxy */,
			);
		};
/* End PBXProject section */

/* Begin PBXResourcesBuildPhase section */
		F47D2552FFA306614F0E9526 /* Resources */ = {
			isa = PBXResourcesBuildPhase;
			buildActionMask = 2147483647;
			files = (
				CA5CE570BA92A12088410441 /* Assets.xcassets in Resources */,
				0A003788F4A20949D549487D /* Web in Resources */,
			);
			runOnlyForDeploymentPostprocessing = 0;
		};
/* End PBXResourcesBuildPhase section */

/* Begin PBXSourcesBuildPhase section */
		766D875DBE834DFB3BF79E02 /* Sources */ = {
			isa = PBXSourcesBuildPhase;
			buildActionMask = 2147483647;
			files = (
				403CE7E86F4EB1589F69BD2B /* ContentView.swift in Sources */,
				BE5D8DC253C909E7ED7AFA09 /* GalaxyCoordinator.swift in Sources */,
				4CDF5B028ADAA6DB6C36DA52 /* GalaxyWebView.swift in Sources */,
				7662A75E92D18A08CE12515B /* SAPGalaxyApp.swift in Sources */,
				957A9FE4CCD4FA2357BD2C17 /* SplashView.swift in Sources */,
			);
			runOnlyForDeploymentPostprocessing = 0;
		};
/* End PBXSourcesBuildPhase section */

/* Begin XCBuildConfiguration section */
		047A379F70CED1618217BAFC /* Release */ = {
			isa = XCBuildConfiguration;
			buildSettings = {
				ASSETCATALOG_COMPILER_APPICON_NAME = AppIcon;
				ASSETCATALOG_COMPILER_GLOBAL_ACCENT_COLOR_NAME = AccentColor;
				CODE_SIGN_IDENTITY = "iPhone Developer";
				CODE_SIGN_STYLE = Automatic;
				ENABLE_USER_SCRIPT_SANDBOXING = YES;
				INFOPLIST_FILE = SAPGalaxy/Info.plist;
				IPHONEOS_DEPLOYMENT_TARGET = 17.0;
				LD_RUNPATH_SEARCH_PATHS = (
					"$(inherited)",
					"@executable_path/Frameworks",
				);
				PRODUCT_BUNDLE_IDENTIFIER = com.daviddef.sapgalaxy;
				SDKROOT = iphoneos;
				SUPPORTS_MACCATALYST = NO;
				SUPPORTS_MAC_DESIGNED_FOR_IPHONE_IPAD = YES;
				TARGETED_DEVICE_FAMILY = "1,2";
			};
			name = Release;
		};
		6D86B45524306B7783917378 /* Debug */ = {
			isa = XCBuildConfiguration;
			buildSettings = {
				ALWAYS_SEARCH_USER_PATHS = NO;
				CLANG_ANALYZER_NONNULL = YES;
				CLANG_ANALYZER_NUMBER_OBJECT_CONVERSION = YES_AGGRESSIVE;
				CLANG_CXX_LANGUAGE_STANDARD = "gnu++14";
				CLANG_CXX_LIBRARY = "libc++";
				CLANG_ENABLE_MODULES = YES;
				CLANG_ENABLE_OBJC_ARC = YES;
				CLANG_ENABLE_OBJC_WEAK = YES;
				CLANG_WARN_BLOCK_CAPTURE_AUTORELEASING = YES;
				CLANG_WARN_BOOL_CONVERSION = YES;
				CLANG_WARN_COMMA = YES;
				CLANG_WARN_CONSTANT_CONVERSION = YES;
				CLANG_WARN_DEPRECATED_OBJC_IMPLEMENTATIONS = YES;
				CLANG_WARN_DIRECT_OBJC_ISA_USAGE = YES_ERROR;
				CLANG_WARN_DOCUMENTATION_COMMENTS = YES;
				CLANG_WARN_EMPTY_BODY = YES;
				CLANG_WARN_ENUM_CONVERSION = YES;
				CLANG_WARN_INFINITE_RECURSION = YES;
				CLANG_WARN_INT_CONVERSION = YES;
				CLANG_WARN_NON_LITERAL_NULL_CONVERSION = YES;
				CLANG_WARN_OBJC_IMPLICIT_RETAIN_SELF = YES;
				CLANG_WARN_OBJC_LITERAL_CONVERSION = YES;
				CLANG_WARN_OBJC_ROOT_CLASS = YES_ERROR;
				CLANG_WARN_QUOTED_INCLUDE_IN_FRAMEWORK_HEADER = YES;
				CLANG_WARN_RANGE_LOOP_ANALYSIS = YES;
				CLANG_WARN_STRICT_PROTOTYPES = YES;
				CLANG_WARN_SUSPICIOUS_MOVE = YES;
				CLANG_WARN_UNGUARDED_AVAILABILITY = YES_AGGRESSIVE;
				CLANG_WARN_UNREACHABLE_CODE = YES;
				CLANG_WARN__DUPLICATE_METHOD_MATCH = YES;
				COPY_PHASE_STRIP = NO;
				CURRENT_PROJECT_VERSION = 1;
				DEBUG_INFORMATION_FORMAT = dwarf;
				DEVELOPMENT_TEAM = L9SAXP2E2W;
				ENABLE_STRICT_OBJC_MSGSEND = YES;
				ENABLE_TESTABILITY = YES;
				GCC_C_LANGUAGE_STANDARD = gnu11;
				GCC_DYNAMIC_NO_PIC = NO;
				GCC_NO_COMMON_BLOCKS = YES;
				GCC_OPTIMIZATION_LEVEL = 0;
				GCC_PREPROCESSOR_DEFINITIONS = (
					"$(inherited)",
					"DEBUG=1",
				);
				GCC_WARN_64_TO_32_BIT_CONVERSION = YES;
				GCC_WARN_ABOUT_RETURN_TYPE = YES_ERROR;
				GCC_WARN_UNDECLARED_SELECTOR = YES;
				GCC_WARN_UNINITIALIZED_AUTOS = YES_AGGRESSIVE;
				GCC_WARN_UNUSED_FUNCTION = YES;
				GCC_WARN_UNUSED_VARIABLE = YES;
				IPHONEOS_DEPLOYMENT_TARGET = 17.0;
				MARKETING_VERSION = 1.0.0;
				MTL_ENABLE_DEBUG_INFO = INCLUDE_SOURCE;
				MTL_FAST_MATH = YES;
				ONLY_ACTIVE_ARCH = YES;
				PRODUCT_NAME = "$(TARGET_NAME)";
				SDKROOT = iphoneos;
				SWIFT_ACTIVE_COMPILATION_CONDITIONS = DEBUG;
				SWIFT_OPTIMIZATION_LEVEL = "-Onone";
				SWIFT_VERSION = 5.0;
			};
			name = Debug;
		};
		7B6ADFE88D2C60CAD0667F31 /* Release */ = {
			isa = XCBuildConfiguration;
			buildSettings = {
				ALWAYS_SEARCH_USER_PATHS = NO;
				CLANG_ANALYZER_NONNULL = YES;
				CLANG_ANALYZER_NUMBER_OBJECT_CONVERSION = YES_AGGRESSIVE;
				CLANG_CXX_LANGUAGE_STANDARD = "gnu++14";
				CLANG_CXX_LIBRARY = "libc++";
				CLANG_ENABLE_MODULES = YES;
				CLANG_ENABLE_OBJC_ARC = YES;
				CLANG_ENABLE_OBJC_WEAK = YES;
				CLANG_WARN_BLOCK_CAPTURE_AUTORELEASING = YES;
				CLANG_WARN_BOOL_CONVERSION = YES;
				CLANG_WARN_COMMA = YES;
				CLANG_WARN_CONSTANT_CONVERSION = YES;
				CLANG_WARN_DEPRECATED_OBJC_IMPLEMENTATIONS = YES;
				CLANG_WARN_DIRECT_OBJC_ISA_USAGE = YES_ERROR;
				CLANG_WARN_DOCUMENTATION_COMMENTS = YES;
				CLANG_WARN_EMPTY_BODY = YES;
				CLANG_WARN_ENUM_CONVERSION = YES;
				CLANG_WARN_INFINITE_RECURSION = YES;
				CLANG_WARN_INT_CONVERSION = YES;
				CLANG_WARN_NON_LITERAL_NULL_CONVERSION = YES;
				CLANG_WARN_OBJC_IMPLICIT_RETAIN_SELF = YES;
				CLANG_WARN_OBJC_LITERAL_CONVERSION = YES;
				CLANG_WARN_OBJC_ROOT_CLASS = YES_ERROR;
				CLANG_WARN_QUOTED_INCLUDE_IN_FRAMEWORK_HEADER = YES;
				CLANG_WARN_RANGE_LOOP_ANALYSIS = YES;
				CLANG_WARN_STRICT_PROTOTYPES = YES;
				CLANG_WARN_SUSPICIOUS_MOVE = YES;
				CLANG_WARN_UNGUARDED_AVAILABILITY = YES_AGGRESSIVE;
				CLANG_WARN_UNREACHABLE_CODE = YES;
				CLANG_WARN__DUPLICATE_METHOD_MATCH = YES;
				COPY_PHASE_STRIP = NO;
				CURRENT_PROJECT_VERSION = 1;
				DEBUG_INFORMATION_FORMAT = "dwarf-with-dsym";
				DEVELOPMENT_TEAM = L9SAXP2E2W;
				ENABLE_NS_ASSERTIONS = NO;
				ENABLE_STRICT_OBJC_MSGSEND = YES;
				GCC_C_LANGUAGE_STANDARD = gnu11;
				GCC_NO_COMMON_BLOCKS = YES;
				GCC_WARN_64_TO_32_BIT_CONVERSION = YES;
				GCC_WARN_ABOUT_RETURN_TYPE = YES_ERROR;
				GCC_WARN_UNDECLARED_SELECTOR = YES;
				GCC_WARN_UNINITIALIZED_AUTOS = YES_AGGRESSIVE;
				GCC_WARN_UNUSED_FUNCTION = YES;
				GCC_WARN_UNUSED_VARIABLE = YES;
				IPHONEOS_DEPLOYMENT_TARGET = 17.0;
				MARKETING_VERSION = 1.0.0;
				MTL_ENABLE_DEBUG_INFO = NO;
				MTL_FAST_MATH = YES;
				PRODUCT_NAME = "$(TARGET_NAME)";
				SDKROOT = iphoneos;
				SWIFT_COMPILATION_MODE = wholemodule;
				SWIFT_OPTIMIZATION_LEVEL = "-O";
				SWIFT_VERSION = 5.0;
			};
			name = Release;
		};
		7EA872A20CDA5DB2A8C8BE7D /* Debug */ = {
			isa = XCBuildConfiguration;
			buildSettings = {
				ASSETCATALOG_COMPILER_APPICON_NAME = AppIcon;
				ASSETCATALOG_COMPILER_GLOBAL_ACCENT_COLOR_NAME = AccentColor;
				CODE_SIGN_IDENTITY = "iPhone Developer";
				CODE_SIGN_STYLE = Automatic;
				ENABLE_USER_SCRIPT_SANDBOXING = YES;
				INFOPLIST_FILE = SAPGalaxy/Info.plist;
				IPHONEOS_DEPLOYMENT_TARGET = 17.0;
				LD_RUNPATH_SEARCH_PATHS = (
					"$(inherited)",
					"@executable_path/Frameworks",
				);
				PRODUCT_BUNDLE_IDENTIFIER = com.daviddef.sapgalaxy;
				SDKROOT = iphoneos;
				SUPPORTS_MACCATALYST = NO;
				SUPPORTS_MAC_DESIGNED_FOR_IPHONE_IPAD = YES;
				TARGETED_DEVICE_FAMILY = "1,2";
			};
			name = Debug;
		};
/* End XCBuildConfiguration section */

/* Begin XCConfigurationList section */
		55D8E9F5BEACB8D4DC795FAA /* Build configuration list for PBXNativeTarget "SAPGalaxy" */ = {
			isa = XCConfigurationList;
			buildConfigurations = (
				7EA872A20CDA5DB2A8C8BE7D /* Debug */,
				047A379F70CED1618217BAFC /* Release */,
			);
			defaultConfigurationIsVisible = 0;
			defaultConfigurationName = Debug;
		};
		B1A09E2C4BA352CD0C2C87F3 /* Build configuration list for PBXProject "SAPGalaxy" */ = {
			isa = XCConfigurationList;
			buildConfigurations = (
				6D86B45524306B7783917378 /* Debug */,
				7B6ADFE88D2C60CAD0667F31 /* Release */,
			);
			defaultConfigurationIsVisible = 0;
			defaultConfigurationName = Debug;
		};
/* End XCConfigurationList section */
	};
	rootObject = 308C92549E7F1B206595E6A6 /* Project object */;
}
