// !$*UTF8*$!
{
	archiveVersion = 1;
	classes = {
	};
	objectVersion = 77;
	objects = {

/* Begin PBXBuildFile section */
		315A02BCB47CE78F910D6D6B /* ContentView.swift in Sources */ = {isa = PBXBuildFile; fileRef = B333C889F1B30FC8D13A26D3 /* ContentView.swift */; };
		32C5C8709AC8AD672DD20B83 /* GalaxyWebView.swift in Sources */ = {isa = PBXBuildFile; fileRef = AE6A4D5EC1260BCC74E5F779 /* GalaxyWebView.swift */; };
		367A02A75CF26E13AD1C8AAE /* Data in Resources */ = {isa = PBXBuildFile; fileRef = A35B734EDC7464DEEF20DCDC /* Data */; };
		37682F9D2C802AF15871704F /* Assets.xcassets in Resources */ = {isa = PBXBuildFile; fileRef = 69F91FC4D01A4114A642BDE3 /* Assets.xcassets */; };
		503AC3797A944C2C72D9CEED /* ERPGalaxyWidget.appex in Embed Foundation Extensions */ = {isa = PBXBuildFile; fileRef = 7E74FB402BE0D5F0A0BAEC3E /* ERPGalaxyWidget.appex */; settings = {ATTRIBUTES = (RemoveHeadersOnCopy, ); }; };
		5806EC65339BB95F27AE815E /* SplashView.swift in Sources */ = {isa = PBXBuildFile; fileRef = 85DA88511E70477C58391983 /* SplashView.swift */; };
		5B6F250033CD2E083F0B7AEE /* TableStore.swift in Sources */ = {isa = PBXBuildFile; fileRef = 790408778D6A953E96AB70D9 /* TableStore.swift */; };
		69ADCBEF74E6470007870934 /* SpotlightIndexer.swift in Sources */ = {isa = PBXBuildFile; fileRef = E4D47951BB73B5DE046FB3E6 /* SpotlightIndexer.swift */; };
		7D390B4A61282FD026F157F5 /* GalaxyCoordinator.swift in Sources */ = {isa = PBXBuildFile; fileRef = B35B8376D39DC6FC1DFDEBFD /* GalaxyCoordinator.swift */; };
		84FE4DD6605761E082121CF3 /* Web in Resources */ = {isa = PBXBuildFile; fileRef = 00FBA5DD6719B37A4482E8C4 /* Web */; };
		981C0D51F0DFF2F5E06E2E15 /* TableStore.swift in Sources */ = {isa = PBXBuildFile; fileRef = 790408778D6A953E96AB70D9 /* TableStore.swift */; };
		C3358F3DE3125A9705A67035 /* TableOfTheDayWidget.swift in Sources */ = {isa = PBXBuildFile; fileRef = 160E75AC7BE5FD57F936FF24 /* TableOfTheDayWidget.swift */; };
		CABF0B23EEE71EB5BB6EA768 /* ERPGalaxyApp.swift in Sources */ = {isa = PBXBuildFile; fileRef = 61555EBC6F26F643717BD185 /* ERPGalaxyApp.swift */; };
		DFEAB73E3BE05D9479917E42 /* Data in Resources */ = {isa = PBXBuildFile; fileRef = A35B734EDC7464DEEF20DCDC /* Data */; };
/* End PBXBuildFile section */

/* Begin PBXContainerItemProxy section */
		2A92323519885769D3D1E49C /* PBXContainerItemProxy */ = {
			isa = PBXContainerItemProxy;
			containerPortal = 034415F885FFD0F76E4AB151 /* Project object */;
			proxyType = 1;
			remoteGlobalIDString = 99ED730A2756941D00DAE2F5;
			remoteInfo = ERPGalaxyWidget;
		};
/* End PBXContainerItemProxy section */

/* Begin PBXCopyFilesBuildPhase section */
		E4C8517283FB2ECDB92E55F2 /* Embed Foundation Extensions */ = {
			isa = PBXCopyFilesBuildPhase;
			buildActionMask = 2147483647;
			dstPath = "";
			dstSubfolderSpec = 13;
			files = (
				503AC3797A944C2C72D9CEED /* ERPGalaxyWidget.appex in Embed Foundation Extensions */,
			);
			name = "Embed Foundation Extensions";
			runOnlyForDeploymentPostprocessing = 0;
		};
/* End PBXCopyFilesBuildPhase section */

/* Begin PBXFileReference section */
		00FBA5DD6719B37A4482E8C4 /* Web */ = {isa = PBXFileReference; lastKnownFileType = folder; name = Web; path = ERPGalaxy/Resources/Web; sourceTree = SOURCE_ROOT; };
		160E75AC7BE5FD57F936FF24 /* TableOfTheDayWidget.swift */ = {isa = PBXFileReference; lastKnownFileType = sourcecode.swift; path = TableOfTheDayWidget.swift; sourceTree = "<group>"; };
		61555EBC6F26F643717BD185 /* ERPGalaxyApp.swift */ = {isa = PBXFileReference; lastKnownFileType = sourcecode.swift; path = ERPGalaxyApp.swift; sourceTree = "<group>"; };
		69F91FC4D01A4114A642BDE3 /* Assets.xcassets */ = {isa = PBXFileReference; lastKnownFileType = folder.assetcatalog; path = Assets.xcassets; sourceTree = "<group>"; };
		790408778D6A953E96AB70D9 /* TableStore.swift */ = {isa = PBXFileReference; lastKnownFileType = sourcecode.swift; path = TableStore.swift; sourceTree = "<group>"; };
		7E74FB402BE0D5F0A0BAEC3E /* ERPGalaxyWidget.appex */ = {isa = PBXFileReference; includeInIndex = 0; lastKnownFileType = "wrapper.app-extension"; path = ERPGalaxyWidget.appex; sourceTree = BUILT_PRODUCTS_DIR; };
		85DA88511E70477C58391983 /* SplashView.swift */ = {isa = PBXFileReference; lastKnownFileType = sourcecode.swift; path = SplashView.swift; sourceTree = "<group>"; };
		A35B734EDC7464DEEF20DCDC /* Data */ = {isa = PBXFileReference; lastKnownFileType = folder; name = Data; path = ERPGalaxy/Resources/Data; sourceTree = SOURCE_ROOT; };
		AE6A4D5EC1260BCC74E5F779 /* GalaxyWebView.swift */ = {isa = PBXFileReference; lastKnownFileType = sourcecode.swift; path = GalaxyWebView.swift; sourceTree = "<group>"; };
		B15B99A6640F62FBA14833F8 /* Info.plist */ = {isa = PBXFileReference; lastKnownFileType = text.plist; path = Info.plist; sourceTree = "<group>"; };
		B333C889F1B30FC8D13A26D3 /* ContentView.swift */ = {isa = PBXFileReference; lastKnownFileType = sourcecode.swift; path = ContentView.swift; sourceTree = "<group>"; };
		B35B8376D39DC6FC1DFDEBFD /* GalaxyCoordinator.swift */ = {isa = PBXFileReference; lastKnownFileType = sourcecode.swift; path = GalaxyCoordinator.swift; sourceTree = "<group>"; };
		B8E70A10F840707D2F8AB297 /* ERPGalaxy.app */ = {isa = PBXFileReference; includeInIndex = 0; lastKnownFileType = wrapper.application; path = ERPGalaxy.app; sourceTree = BUILT_PRODUCTS_DIR; };
		E4D47951BB73B5DE046FB3E6 /* SpotlightIndexer.swift */ = {isa = PBXFileReference; lastKnownFileType = sourcecode.swift; path = SpotlightIndexer.swift; sourceTree = "<group>"; };
/* End PBXFileReference section */

/* Begin PBXGroup section */
		10BE7C0209F5FB88E3902FEE /* ERPGalaxyWidget */ = {
			isa = PBXGroup;
			children = (
				B15B99A6640F62FBA14833F8 /* Info.plist */,
				160E75AC7BE5FD57F936FF24 /* TableOfTheDayWidget.swift */,
			);
			path = ERPGalaxyWidget;
			sourceTree = "<group>";
		};
		16169BE407BBC22497B60102 = {
			isa = PBXGroup;
			children = (
				CC1E1EC9B14A1A6312427693 /* ERPGalaxy */,
				10BE7C0209F5FB88E3902FEE /* ERPGalaxyWidget */,
				DE7D241E9845AD26D8748F69 /* Products */,
			);
			sourceTree = "<group>";
		};
		5062FC8D0453BEFB56DCFF73 /* Resources */ = {
			isa = PBXGroup;
			children = (
				69F91FC4D01A4114A642BDE3 /* Assets.xcassets */,
				A35B734EDC7464DEEF20DCDC /* Data */,
				00FBA5DD6719B37A4482E8C4 /* Web */,
			);
			path = Resources;
			sourceTree = "<group>";
		};
		CC1E1EC9B14A1A6312427693 /* ERPGalaxy */ = {
			isa = PBXGroup;
			children = (
				5062FC8D0453BEFB56DCFF73 /* Resources */,
				CFA7BFB88B5B025F25B60469 /* Sources */,
			);
			path = ERPGalaxy;
			sourceTree = "<group>";
		};
		CFA7BFB88B5B025F25B60469 /* Sources */ = {
			isa = PBXGroup;
			children = (
				B333C889F1B30FC8D13A26D3 /* ContentView.swift */,
				61555EBC6F26F643717BD185 /* ERPGalaxyApp.swift */,
				B35B8376D39DC6FC1DFDEBFD /* GalaxyCoordinator.swift */,
				AE6A4D5EC1260BCC74E5F779 /* GalaxyWebView.swift */,
				85DA88511E70477C58391983 /* SplashView.swift */,
				E4D47951BB73B5DE046FB3E6 /* SpotlightIndexer.swift */,
				790408778D6A953E96AB70D9 /* TableStore.swift */,
			);
			path = Sources;
			sourceTree = "<group>";
		};
		DE7D241E9845AD26D8748F69 /* Products */ = {
			isa = PBXGroup;
			children = (
				B8E70A10F840707D2F8AB297 /* ERPGalaxy.app */,
				7E74FB402BE0D5F0A0BAEC3E /* ERPGalaxyWidget.appex */,
			);
			name = Products;
			sourceTree = "<group>";
		};
/* End PBXGroup section */

/* Begin PBXNativeTarget section */
		99ED730A2756941D00DAE2F5 /* ERPGalaxyWidget */ = {
			isa = PBXNativeTarget;
			buildConfigurationList = 634CABF7C418190E745E933E /* Build configuration list for PBXNativeTarget "ERPGalaxyWidget" */;
			buildPhases = (
				0124BFBE887C2F20986C7B53 /* Sources */,
				9764D44E608574C772DD7C25 /* Resources */,
			);
			buildRules = (
			);
			dependencies = (
			);
			name = ERPGalaxyWidget;
			packageProductDependencies = (
			);
			productName = ERPGalaxyWidget;
			productReference = 7E74FB402BE0D5F0A0BAEC3E /* ERPGalaxyWidget.appex */;
			productType = "com.apple.product-type.app-extension";
		};
		E21F90959151BA14CE7944EB /* ERPGalaxy */ = {
			isa = PBXNativeTarget;
			buildConfigurationList = 6C6977F811E74FDB212DC59D /* Build configuration list for PBXNativeTarget "ERPGalaxy" */;
			buildPhases = (
				0BE3C32943C8168B8BFCEEE3 /* Sources */,
				3A29D0DDF2A639A4C9448B75 /* Resources */,
				E4C8517283FB2ECDB92E55F2 /* Embed Foundation Extensions */,
			);
			buildRules = (
			);
			dependencies = (
				A32B396DE83F81D0F146937A /* PBXTargetDependency */,
			);
			name = ERPGalaxy;
			packageProductDependencies = (
			);
			productName = ERPGalaxy;
			productReference = B8E70A10F840707D2F8AB297 /* ERPGalaxy.app */;
			productType = "com.apple.product-type.application";
		};
/* End PBXNativeTarget section */

/* Begin PBXProject section */
		034415F885FFD0F76E4AB151 /* Project object */ = {
			isa = PBXProject;
			attributes = {
				BuildIndependentTargetsInParallel = YES;
				LastUpgradeCheck = 1430;
				TargetAttributes = {
					99ED730A2756941D00DAE2F5 = {
						DevelopmentTeam = L9SAXP2E2W;
						ProvisioningStyle = Automatic;
					};
					E21F90959151BA14CE7944EB = {
						DevelopmentTeam = L9SAXP2E2W;
						ProvisioningStyle = Automatic;
					};
				};
			};
			buildConfigurationList = 5E3221519AD9D979174947B6 /* Build configuration list for PBXProject "ERPGalaxy" */;
			developmentRegion = en;
			hasScannedForEncodings = 0;
			knownRegions = (
				Base,
				en,
			);
			mainGroup = 16169BE407BBC22497B60102;
			minimizedProjectReferenceProxies = 1;
			preferredProjectObjectVersion = 77;
			productRefGroup = DE7D241E9845AD26D8748F69 /* Products */;
			projectDirPath = "";
			projectRoot = "";
			targets = (
				E21F90959151BA14CE7944EB /* ERPGalaxy */,
				99ED730A2756941D00DAE2F5 /* ERPGalaxyWidget */,
			);
		};
/* End PBXProject section */

/* Begin PBXResourcesBuildPhase section */
		3A29D0DDF2A639A4C9448B75 /* Resources */ = {
			isa = PBXResourcesBuildPhase;
			buildActionMask = 2147483647;
			files = (
				37682F9D2C802AF15871704F /* Assets.xcassets in Resources */,
				367A02A75CF26E13AD1C8AAE /* Data in Resources */,
				84FE4DD6605761E082121CF3 /* Web in Resources */,
			);
			runOnlyForDeploymentPostprocessing = 0;
		};
		9764D44E608574C772DD7C25 /* Resources */ = {
			isa = PBXResourcesBuildPhase;
			buildActionMask = 2147483647;
			files = (
				DFEAB73E3BE05D9479917E42 /* Data in Resources */,
			);
			runOnlyForDeploymentPostprocessing = 0;
		};
/* End PBXResourcesBuildPhase section */

/* Begin PBXSourcesBuildPhase section */
		0124BFBE887C2F20986C7B53 /* Sources */ = {
			isa = PBXSourcesBuildPhase;
			buildActionMask = 2147483647;
			files = (
				C3358F3DE3125A9705A67035 /* TableOfTheDayWidget.swift in Sources */,
				5B6F250033CD2E083F0B7AEE /* TableStore.swift in Sources */,
			);
			runOnlyForDeploymentPostprocessing = 0;
		};
		0BE3C32943C8168B8BFCEEE3 /* Sources */ = {
			isa = PBXSourcesBuildPhase;
			buildActionMask = 2147483647;
			files = (
				315A02BCB47CE78F910D6D6B /* ContentView.swift in Sources */,
				CABF0B23EEE71EB5BB6EA768 /* ERPGalaxyApp.swift in Sources */,
				7D390B4A61282FD026F157F5 /* GalaxyCoordinator.swift in Sources */,
				32C5C8709AC8AD672DD20B83 /* GalaxyWebView.swift in Sources */,
				5806EC65339BB95F27AE815E /* SplashView.swift in Sources */,
				69ADCBEF74E6470007870934 /* SpotlightIndexer.swift in Sources */,
				981C0D51F0DFF2F5E06E2E15 /* TableStore.swift in Sources */,
			);
			runOnlyForDeploymentPostprocessing = 0;
		};
/* End PBXSourcesBuildPhase section */

/* Begin PBXTargetDependency section */
		A32B396DE83F81D0F146937A /* PBXTargetDependency */ = {
			isa = PBXTargetDependency;
			target = 99ED730A2756941D00DAE2F5 /* ERPGalaxyWidget */;
			targetProxy = 2A92323519885769D3D1E49C /* PBXContainerItemProxy */;
		};
/* End PBXTargetDependency section */

/* Begin XCBuildConfiguration section */
		2172E3967E967FA58E0EA357 /* Release */ = {
			isa = XCBuildConfiguration;
			buildSettings = {
				ASSETCATALOG_COMPILER_APPICON_NAME = AppIcon;
				ASSETCATALOG_COMPILER_GLOBAL_ACCENT_COLOR_NAME = AccentColor;
				CODE_SIGN_IDENTITY = "iPhone Developer";
				CODE_SIGN_STYLE = Automatic;
				ENABLE_USER_SCRIPT_SANDBOXING = YES;
				INFOPLIST_FILE = ERPGalaxy/Info.plist;
				IPHONEOS_DEPLOYMENT_TARGET = 17.0;
				LD_RUNPATH_SEARCH_PATHS = (
					"$(inherited)",
					"@executable_path/Frameworks",
				);
				PRODUCT_BUNDLE_IDENTIFIER = com.daviddef.erpgalaxy;
				SDKROOT = iphoneos;
				SUPPORTS_MACCATALYST = NO;
				SUPPORTS_MAC_DESIGNED_FOR_IPHONE_IPAD = YES;
				TARGETED_DEVICE_FAMILY = "1,2";
			};
			name = Release;
		};
		239F9ADAB3CD6739657E78D0 /* Debug */ = {
			isa = XCBuildConfiguration;
			buildSettings = {
				ASSETCATALOG_COMPILER_APPICON_NAME = AppIcon;
				ASSETCATALOG_COMPILER_GLOBAL_ACCENT_COLOR_NAME = AccentColor;
				CODE_SIGN_IDENTITY = "iPhone Developer";
				CODE_SIGN_STYLE = Automatic;
				ENABLE_USER_SCRIPT_SANDBOXING = YES;
				INFOPLIST_FILE = ERPGalaxy/Info.plist;
				IPHONEOS_DEPLOYMENT_TARGET = 17.0;
				LD_RUNPATH_SEARCH_PATHS = (
					"$(inherited)",
					"@executable_path/Frameworks",
				);
				PRODUCT_BUNDLE_IDENTIFIER = com.daviddef.erpgalaxy;
				SDKROOT = iphoneos;
				SUPPORTS_MACCATALYST = NO;
				SUPPORTS_MAC_DESIGNED_FOR_IPHONE_IPAD = YES;
				TARGETED_DEVICE_FAMILY = "1,2";
			};
			name = Debug;
		};
		24F99F06CEBF59B19A92CD7F /* Debug */ = {
			isa = XCBuildConfiguration;
			buildSettings = {
				ALWAYS_SEARCH_USER_PATHS = NO;
				CLANG_ANALYZER_NONNULL = YES;
				CLANG_ANALYZER_NUMBER_OBJECT_CONVERSION = YES_AGGRESSIVE;
				CLANG_CXX_LANGUAGE_STANDARD = "gnu++14";
				CLANG_CXX_LIBRARY = "libc++";
				CLANG_ENABLE_MODULES = YES;
				CLANG_ENABLE_OBJC_ARC = YES;
				CLANG_ENABLE_OBJC_WEAK = YES;
				CLANG_WARN_BLOCK_CAPTURE_AUTORELEASING = YES;
				CLANG_WARN_BOOL_CONVERSION = YES;
				CLANG_WARN_COMMA = YES;
				CLANG_WARN_CONSTANT_CONVERSION = YES;
				CLANG_WARN_DEPRECATED_OBJC_IMPLEMENTATIONS = YES;
				CLANG_WARN_DIRECT_OBJC_ISA_USAGE = YES_ERROR;
				CLANG_WARN_DOCUMENTATION_COMMENTS = YES;
				CLANG_WARN_EMPTY_BODY = YES;
				CLANG_WARN_ENUM_CONVERSION = YES;
				CLANG_WARN_INFINITE_RECURSION = YES;
				CLANG_WARN_INT_CONVERSION = YES;
				CLANG_WARN_NON_LITERAL_NULL_CONVERSION = YES;
				CLANG_WARN_OBJC_IMPLICIT_RETAIN_SELF = YES;
				CLANG_WARN_OBJC_LITERAL_CONVERSION = YES;
				CLANG_WARN_OBJC_ROOT_CLASS = YES_ERROR;
				CLANG_WARN_QUOTED_INCLUDE_IN_FRAMEWORK_HEADER = YES;
				CLANG_WARN_RANGE_LOOP_ANALYSIS = YES;
				CLANG_WARN_STRICT_PROTOTYPES = YES;
				CLANG_WARN_SUSPICIOUS_MOVE = YES;
				CLANG_WARN_UNGUARDED_AVAILABILITY = YES_AGGRESSIVE;
				CLANG_WARN_UNREACHABLE_CODE = YES;
				CLANG_WARN__DUPLICATE_METHOD_MATCH = YES;
				COPY_PHASE_STRIP = NO;
				CURRENT_PROJECT_VERSION = 23;
				DEBUG_INFORMATION_FORMAT = dwarf;
				DEVELOPMENT_TEAM = L9SAXP2E2W;
				ENABLE_STRICT_OBJC_MSGSEND = YES;
				ENABLE_TESTABILITY = YES;
				GCC_C_LANGUAGE_STANDARD = gnu11;
				GCC_DYNAMIC_NO_PIC = NO;
				GCC_NO_COMMON_BLOCKS = YES;
				GCC_OPTIMIZATION_LEVEL = 0;
				GCC_PREPROCESSOR_DEFINITIONS = (
					"$(inherited)",
					"DEBUG=1",
				);
				GCC_WARN_64_TO_32_BIT_CONVERSION = YES;
				GCC_WARN_ABOUT_RETURN_TYPE = YES_ERROR;
				GCC_WARN_UNDECLARED_SELECTOR = YES;
				GCC_WARN_UNINITIALIZED_AUTOS = YES_AGGRESSIVE;
				GCC_WARN_UNUSED_FUNCTION = YES;
				GCC_WARN_UNUSED_VARIABLE = YES;
				IPHONEOS_DEPLOYMENT_TARGET = 17.0;
				MARKETING_VERSION = 1.0.1;
				MTL_ENABLE_DEBUG_INFO = INCLUDE_SOURCE;
				MTL_FAST_MATH = YES;
				ONLY_ACTIVE_ARCH = YES;
				PRODUCT_NAME = "$(TARGET_NAME)";
				SDKROOT = iphoneos;
				SWIFT_ACTIVE_COMPILATION_CONDITIONS = DEBUG;
				SWIFT_OPTIMIZATION_LEVEL = "-Onone";
				SWIFT_VERSION = 5.0;
			};
			name = Debug;
		};
		6DB3AC37220C6B3DD330B50B /* Debug */ = {
			isa = XCBuildConfiguration;
			buildSettings = {
				CODE_SIGN_STYLE = Automatic;
				INFOPLIST_FILE = ERPGalaxyWidget/Info.plist;
				IPHONEOS_DEPLOYMENT_TARGET = 17.0;
				LD_RUNPATH_SEARCH_PATHS = (
					"$(inherited)",
					"@executable_path/Frameworks",
					"@executable_path/../../Frameworks",
				);
				PRODUCT_BUNDLE_IDENTIFIER = com.daviddef.erpgalaxy.widget;
				SDKROOT = iphoneos;
				SKIP_INSTALL = YES;
				TARGETED_DEVICE_FAMILY = "1,2";
			};
			name = Debug;
		};
		820116A0F70170C1B6591F86 /* Release */ = {
			isa = XCBuildConfiguration;
			buildSettings = {
				CODE_SIGN_STYLE = Automatic;
				INFOPLIST_FILE = ERPGalaxyWidget/Info.plist;
				IPHONEOS_DEPLOYMENT_TARGET = 17.0;
				LD_RUNPATH_SEARCH_PATHS = (
					"$(inherited)",
					"@executable_path/Frameworks",
					"@executable_path/../../Frameworks",
				);
				PRODUCT_BUNDLE_IDENTIFIER = com.daviddef.erpgalaxy.widget;
				SDKROOT = iphoneos;
				SKIP_INSTALL = YES;
				TARGETED_DEVICE_FAMILY = "1,2";
			};
			name = Release;
		};
		C80D0FB8A81792410C5DD803 /* Release */ = {
			isa = XCBuildConfiguration;
			buildSettings = {
				ALWAYS_SEARCH_USER_PATHS = NO;
				CLANG_ANALYZER_NONNULL = YES;
				CLANG_ANALYZER_NUMBER_OBJECT_CONVERSION = YES_AGGRESSIVE;
				CLANG_CXX_LANGUAGE_STANDARD = "gnu++14";
				CLANG_CXX_LIBRARY = "libc++";
				CLANG_ENABLE_MODULES = YES;
				CLANG_ENABLE_OBJC_ARC = YES;
				CLANG_ENABLE_OBJC_WEAK = YES;
				CLANG_WARN_BLOCK_CAPTURE_AUTORELEASING = YES;
				CLANG_WARN_BOOL_CONVERSION = YES;
				CLANG_WARN_COMMA = YES;
				CLANG_WARN_CONSTANT_CONVERSION = YES;
				CLANG_WARN_DEPRECATED_OBJC_IMPLEMENTATIONS = YES;
				CLANG_WARN_DIRECT_OBJC_ISA_USAGE = YES_ERROR;
				CLANG_WARN_DOCUMENTATION_COMMENTS = YES;
				CLANG_WARN_EMPTY_BODY = YES;
				CLANG_WARN_ENUM_CONVERSION = YES;
				CLANG_WARN_INFINITE_RECURSION = YES;
				CLANG_WARN_INT_CONVERSION = YES;
				CLANG_WARN_NON_LITERAL_NULL_CONVERSION = YES;
				CLANG_WARN_OBJC_IMPLICIT_RETAIN_SELF = YES;
				CLANG_WARN_OBJC_LITERAL_CONVERSION = YES;
				CLANG_WARN_OBJC_ROOT_CLASS = YES_ERROR;
				CLANG_WARN_QUOTED_INCLUDE_IN_FRAMEWORK_HEADER = YES;
				CLANG_WARN_RANGE_LOOP_ANALYSIS = YES;
				CLANG_WARN_STRICT_PROTOTYPES = YES;
				CLANG_WARN_SUSPICIOUS_MOVE = YES;
				CLANG_WARN_UNGUARDED_AVAILABILITY = YES_AGGRESSIVE;
				CLANG_WARN_UNREACHABLE_CODE = YES;
				CLANG_WARN__DUPLICATE_METHOD_MATCH = YES;
				COPY_PHASE_STRIP = NO;
				CURRENT_PROJECT_VERSION = 23;
				DEBUG_INFORMATION_FORMAT = "dwarf-with-dsym";
				DEVELOPMENT_TEAM = L9SAXP2E2W;
				ENABLE_NS_ASSERTIONS = NO;
				ENABLE_STRICT_OBJC_MSGSEND = YES;
				GCC_C_LANGUAGE_STANDARD = gnu11;
				GCC_NO_COMMON_BLOCKS = YES;
				GCC_WARN_64_TO_32_BIT_CONVERSION = YES;
				GCC_WARN_ABOUT_RETURN_TYPE = YES_ERROR;
				GCC_WARN_UNDECLARED_SELECTOR = YES;
				GCC_WARN_UNINITIALIZED_AUTOS = YES_AGGRESSIVE;
				GCC_WARN_UNUSED_FUNCTION = YES;
				GCC_WARN_UNUSED_VARIABLE = YES;
				IPHONEOS_DEPLOYMENT_TARGET = 17.0;
				MARKETING_VERSION = 1.0.1;
				MTL_ENABLE_DEBUG_INFO = NO;
				MTL_FAST_MATH = YES;
				PRODUCT_NAME = "$(TARGET_NAME)";
				SDKROOT = iphoneos;
				SWIFT_COMPILATION_MODE = wholemodule;
				SWIFT_OPTIMIZATION_LEVEL = "-O";
				SWIFT_VERSION = 5.0;
			};
			name = Release;
		};
/* End XCBuildConfiguration section */

/* Begin XCConfigurationList section */
		5E3221519AD9D979174947B6 /* Build configuration list for PBXProject "ERPGalaxy" */ = {
			isa = XCConfigurationList;
			buildConfigurations = (
				24F99F06CEBF59B19A92CD7F /* Debug */,
				C80D0FB8A81792410C5DD803 /* Release */,
			);
			defaultConfigurationIsVisible = 0;
			defaultConfigurationName = Debug;
		};
		634CABF7C418190E745E933E /* Build configuration list for PBXNativeTarget "ERPGalaxyWidget" */ = {
			isa = XCConfigurationList;
			buildConfigurations = (
				6DB3AC37220C6B3DD330B50B /* Debug */,
				820116A0F70170C1B6591F86 /* Release */,
			);
			defaultConfigurationIsVisible = 0;
			defaultConfigurationName = Debug;
		};
		6C6977F811E74FDB212DC59D /* Build configuration list for PBXNativeTarget "ERPGalaxy" */ = {
			isa = XCConfigurationList;
			buildConfigurations = (
				239F9ADAB3CD6739657E78D0 /* Debug */,
				2172E3967E967FA58E0EA357 /* Release */,
			);
			defaultConfigurationIsVisible = 0;
			defaultConfigurationName = Debug;
		};
/* End XCConfigurationList section */
	};
	rootObject = 034415F885FFD0F76E4AB151 /* Project object */;
}
